
Microsoft Visual Studio Solution File, Format Version 12.00
# Visual Studio Version 17
VisualStudioVersion = 17.14.36212.18 d17.14
MinimumVisualStudioVersion = 10.0.40219.1
Project("{888888A0-9F3D-457C-B088-3A5042F75D52}") = "StockManagement", "StockManagement\StockManagement.pyproj", "{A92E7C11-9689-4A03-9F07-B8D72BC936F5}"
EndProject
Global
	GlobalSection(SolutionConfigurationPlatforms) = preSolution
		Debug|Any CPU = Debug|Any CPU
		Release|Any CPU = Release|Any CPU
	EndGlobalSection
	GlobalSection(ProjectConfigurationPlatforms) = postSolution
		{A92E7C11-9689-4A03-9F07-B8D72BC936F5}.Debug|Any CPU.ActiveCfg = Debug|Any CPU
		{A92E7C11-9689-4A03-9F07-B8D72BC936F5}.Release|Any CPU.ActiveCfg = Release|Any CPU
	EndGlobalSection
	GlobalSection(SolutionProperties) = preSolution
		HideSolutionNode = FALSE
	EndGlobalSection
	GlobalSection(ExtensibilityGlobals) = postSolution
		SolutionGuid = {10EA4D49-9A42-44E9-8C46-798C0ED3DB58}
	EndGlobalSection
EndGlobal
